// !$*UTF8*$!
{
	archiveVersion = 1;
	classes = {
	};
	objectVersion = 50;
	objects = {

/* Begin PBXBuildFile section */
		70CA59F7243F9A9300648F95 /* AppDelegate.swift in Sources */ = {isa = PBXBuildFile; fileRef = 70CA59F6243F9A9300648F95 /* AppDelegate.swift */; };
		70CA59F9243F9A9300648F95 /* SceneDelegate.swift in Sources */ = {isa = PBXBuildFile; fileRef = 70CA59F8243F9A9300648F95 /* SceneDelegate.swift */; };
		70CA59FB243F9A9300648F95 /* ViewController.swift in Sources */ = {isa = PBXBuildFile; fileRef = 70CA59FA243F9A9300648F95 /* ViewController.swift */; };
		70CA59FE243F9A9300648F95 /* Main.storyboard in Resources */ = {isa = PBXBuildFile; fileRef = 70CA59FC243F9A9300648F95 /* Main.storyboard */; };
		70CA5A00243F9AA000648F95 /* Assets.xcassets in Resources */ = {isa = PBXBuildFile; fileRef = 70CA59FF243F9AA000648F95 /* Assets.xcassets */; };
		70CA5A03243F9AA000648F95 /* LaunchScreen.storyboard in Resources */ = {isa = PBXBuildFile; fileRef = 70CA5A01243F9AA000648F95 /* LaunchScreen.storyboard */; };
		70CA5A0E243F9AA000648F95 /* Chuck_Norris_JokesTests.swift in Sources */ = {isa = PBXBuildFile; fileRef = 70CA5A0D243F9AA000648F95 /* Chuck_Norris_JokesTests.swift */; };
		70CA5A19243FBA9200648F95 /* RandomJokeViewController.swift in Sources */ = {isa = PBXBuildFile; fileRef = 70CA5A18243FBA9200648F95 /* RandomJokeViewController.swift */; };
		70CA5A1F2441EEC300648F95 /* JokeListViewController.swift in Sources */ = {isa = PBXBuildFile; fileRef = 70CA5A1E2441EEC300648F95 /* JokeListViewController.swift */; };
		70CA5A212441F23600648F95 /* JokeCell.swift in Sources */ = {isa = PBXBuildFile; fileRef = 70CA5A202441F23600648F95 /* JokeCell.swift */; };
		70CA5A23244337C500648F95 /* RequestJoke.swift in Sources */ = {isa = PBXBuildFile; fileRef = 70CA5A22244337C500648F95 /* RequestJoke.swift */; };
		70CA5A2624439C6B00648F95 /* LoadingCell.swift in Sources */ = {isa = PBXBuildFile; fileRef = 70CA5A2424439C6B00648F95 /* LoadingCell.swift */; };
		70CA5A2724439C6B00648F95 /* LoadingCell.xib in Resources */ = {isa = PBXBuildFile; fileRef = 70CA5A2524439C6B00648F95 /* LoadingCell.xib */; };
/* End PBXBuildFile section */

/* Begin PBXContainerItemProxy section */
		70CA5A0A243F9AA000648F95 /* PBXContainerItemProxy */ = {
			isa = PBXContainerItemProxy;
			containerPortal = 70CA59EB243F9A9300648F95 /* Project object */;
			proxyType = 1;
			remoteGlobalIDString = 70CA59F2243F9A9300648F95;
			remoteInfo = "Chuck Norris Jokes";
		};
/* End PBXContainerItemProxy section */

/* Begin PBXFileReference section */
		70CA59F3243F9A9300648F95 /* Chuck Norris Jokes.app */ = {isa = PBXFileReference; explicitFileType = wrapper.application; includeInIndex = 0; path = "Chuck Norris Jokes.app"; sourceTree = BUILT_PRODUCTS_DIR; };
		70CA59F6243F9A9300648F95 /* AppDelegate.swift */ = {isa = PBXFileReference; lastKnownFileType = sourcecode.swift; path = AppDelegate.swift; sourceTree = "<group>"; };
		70CA59F8243F9A9300648F95 /* SceneDelegate.swift */ = {isa = PBXFileReference; lastKnownFileType = sourcecode.swift; path = SceneDelegate.swift; sourceTree = "<group>"; };
		70CA59FA243F9A9300648F95 /* ViewController.swift */ = {isa = PBXFileReference; lastKnownFileType = sourcecode.swift; path = ViewController.swift; sourceTree = "<group>"; };
		70CA59FD243F9A9300648F95 /* Base */ = {isa = PBXFileReference; lastKnownFileType = file.storyboard; name = Base; path = Base.lproj/Main.storyboard; sourceTree = "<group>"; };
		70CA59FF243F9AA000648F95 /* Assets.xcassets */ = {isa = PBXFileReference; lastKnownFileType = folder.assetcatalog; path = Assets.xcassets; sourceTree = "<group>"; };
		70CA5A02243F9AA000648F95 /* Base */ = {isa = PBXFileReference; lastKnownFileType = file.storyboard; name = Base; path = Base.lproj/LaunchScreen.storyboard; sourceTree = "<group>"; };
		70CA5A04243F9AA000648F95 /* Info.plist */ = {isa = PBXFileReference; lastKnownFileType = text.plist.xml; path = Info.plist; sourceTree = "<group>"; };
		70CA5A09243F9AA000648F95 /* Chuck Norris JokesTests.xctest */ = {isa = PBXFileReference; explicitFileType = wrapper.cfbundle; includeInIndex = 0; path = "Chuck Norris JokesTests.xctest"; sourceTree = BUILT_PRODUCTS_DIR; };
		70CA5A0D243F9AA000648F95 /* Chuck_Norris_JokesTests.swift */ = {isa = PBXFileReference; lastKnownFileType = sourcecode.swift; path = Chuck_Norris_JokesTests.swift; sourceTree = "<group>"; };
		70CA5A0F243F9AA000648F95 /* Info.plist */ = {isa = PBXFileReference; lastKnownFileType = text.plist.xml; path = Info.plist; sourceTree = "<group>"; };
		70CA5A18243FBA9200648F95 /* RandomJokeViewController.swift */ = {isa = PBXFileReference; lastKnownFileType = sourcecode.swift; path = RandomJokeViewController.swift; sourceTree = "<group>"; };
		70CA5A1E2441EEC300648F95 /* JokeListViewController.swift */ = {isa = PBXFileReference; lastKnownFileType = sourcecode.swift; path = JokeListViewController.swift; sourceTree = "<group>"; };
		70CA5A202441F23600648F95 /* JokeCell.swift */ = {isa = PBXFileReference; lastKnownFileType = sourcecode.swift; path = JokeCell.swift; sourceTree = "<group>"; };
		70CA5A22244337C500648F95 /* RequestJoke.swift */ = {isa = PBXFileReference; lastKnownFileType = sourcecode.swift; path = RequestJoke.swift; sourceTree = "<group>"; };
		70CA5A2424439C6B00648F95 /* LoadingCell.swift */ = {isa = PBXFileReference; lastKnownFileType = sourcecode.swift; path = LoadingCell.swift; sourceTree = "<group>"; };
		70CA5A2524439C6B00648F95 /* LoadingCell.xib */ = {isa = PBXFileReference; lastKnownFileType = file.xib; path = LoadingCell.xib; sourceTree = "<group>"; };
/* End PBXFileReference section */

/* Begin PBXFrameworksBuildPhase section */
		70CA59F0243F9A9300648F95 /* Frameworks */ = {
			isa = PBXFrameworksBuildPhase;
			buildActionMask = 2147483647;
			files = (
			);
			runOnlyForDeploymentPostprocessing = 0;
		};
		70CA5A06243F9AA000648F95 /* Frameworks */ = {
			isa = PBXFrameworksBuildPhase;
			buildActionMask = 2147483647;
			files = (
			);
			runOnlyForDeploymentPostprocessing = 0;
		};
/* End PBXFrameworksBuildPhase section */

/* Begin PBXGroup section */
		70CA59EA243F9A9300648F95 = {
			isa = PBXGroup;
			children = (
				70CA59F5243F9A9300648F95 /* Chuck Norris Jokes */,
				70CA5A0C243F9AA000648F95 /* Chuck Norris JokesTests */,
				70CA59F4243F9A9300648F95 /* Products */,
			);
			sourceTree = "<group>";
		};
		70CA59F4243F9A9300648F95 /* Products */ = {
			isa = PBXGroup;
			children = (
				70CA59F3243F9A9300648F95 /* Chuck Norris Jokes.app */,
				70CA5A09243F9AA000648F95 /* Chuck Norris JokesTests.xctest */,
			);
			name = Products;
			sourceTree = "<group>";
		};
		70CA59F5243F9A9300648F95 /* Chuck Norris Jokes */ = {
			isa = PBXGroup;
			children = (
				70CA59F6243F9A9300648F95 /* AppDelegate.swift */,
				70CA59F8243F9A9300648F95 /* SceneDelegate.swift */,
				70CA59FC243F9A9300648F95 /* Main.storyboard */,
				70CA59FF243F9AA000648F95 /* Assets.xcassets */,
				70CA5A01243F9AA000648F95 /* LaunchScreen.storyboard */,
				70CA5A04243F9AA000648F95 /* Info.plist */,
				70CA59FA243F9A9300648F95 /* ViewController.swift */,
				70CA5A18243FBA9200648F95 /* RandomJokeViewController.swift */,
				70CA5A1E2441EEC300648F95 /* JokeListViewController.swift */,
				70CA5A22244337C500648F95 /* RequestJoke.swift */,
				70CA5A202441F23600648F95 /* JokeCell.swift */,
				70CA5A2424439C6B00648F95 /* LoadingCell.swift */,
				70CA5A2524439C6B00648F95 /* LoadingCell.xib */,
			);
			path = "Chuck Norris Jokes";
			sourceTree = "<group>";
		};
		70CA5A0C243F9AA000648F95 /* Chuck Norris JokesTests */ = {
			isa = PBXGroup;
			children = (
				70CA5A0D243F9AA000648F95 /* Chuck_Norris_JokesTests.swift */,
				70CA5A0F243F9AA000648F95 /* Info.plist */,
			);
			path = "Chuck Norris JokesTests";
			sourceTree = "<group>";
		};
/* End PBXGroup section */

/* Begin PBXNativeTarget section */
		70CA59F2243F9A9300648F95 /* Chuck Norris Jokes */ = {
			isa = PBXNativeTarget;
			buildConfigurationList = 70CA5A12243F9AA000648F95 /* Build configuration list for PBXNativeTarget "Chuck Norris Jokes" */;
			buildPhases = (
				70CA59EF243F9A9300648F95 /* Sources */,
				70CA59F0243F9A9300648F95 /* Frameworks */,
				70CA59F1243F9A9300648F95 /* Resources */,
			);
			buildRules = (
			);
			dependencies = (
			);
			name = "Chuck Norris Jokes";
			productName = "Chuck Norris Jokes";
			productReference = 70CA59F3243F9A9300648F95 /* Chuck Norris Jokes.app */;
			productType = "com.apple.product-type.application";
		};
		70CA5A08243F9AA000648F95 /* Chuck Norris JokesTests */ = {
			isa = PBXNativeTarget;
			buildConfigurationList = 70CA5A15243F9AA000648F95 /* Build configuration list for PBXNativeTarget "Chuck Norris JokesTests" */;
			buildPhases = (
				70CA5A05243F9AA000648F95 /* Sources */,
				70CA5A06243F9AA000648F95 /* Frameworks */,
				70CA5A07243F9AA000648F95 /* Resources */,
			);
			buildRules = (
			);
			dependencies = (
				70CA5A0B243F9AA000648F95 /* PBXTargetDependency */,
			);
			name = "Chuck Norris JokesTests";
			productName = "Chuck Norris JokesTests";
			productReference = 70CA5A09243F9AA000648F95 /* Chuck Norris JokesTests.xctest */;
			productType = "com.apple.product-type.bundle.unit-test";
		};
/* End PBXNativeTarget section */

/* Begin PBXProject section */
		70CA59EB243F9A9300648F95 /* Project object */ = {
			isa = PBXProject;
			attributes = {
				LastSwiftUpdateCheck = 1130;
				LastUpgradeCheck = 1130;
				ORGANIZATIONNAME = "Joshua Okungbowa";
				TargetAttributes = {
					70CA59F2243F9A9300648F95 = {
						CreatedOnToolsVersion = 11.3;
					};
					70CA5A08243F9AA000648F95 = {
						CreatedOnToolsVersion = 11.3;
						TestTargetID = 70CA59F2243F9A9300648F95;
					};
				};
			};
			buildConfigurationList = 70CA59EE243F9A9300648F95 /* Build configuration list for PBXProject "Chuck Norris Jokes" */;
			compatibilityVersion = "Xcode 9.3";
			developmentRegion = en;
			hasScannedForEncodings = 0;
			knownRegions = (
				en,
				Base,
			);
			mainGroup = 70CA59EA243F9A9300648F95;
			productRefGroup = 70CA59F4243F9A9300648F95 /* Products */;
			projectDirPath = "";
			projectRoot = "";
			targets = (
				70CA59F2243F9A9300648F95 /* Chuck Norris Jokes */,
				70CA5A08243F9AA000648F95 /* Chuck Norris JokesTests */,
			);
		};
/* End PBXProject section */

/* Begin PBXResourcesBuildPhase section */
		70CA59F1243F9A9300648F95 /* Resources */ = {
			isa = PBXResourcesBuildPhase;
			buildActionMask = 2147483647;
			files = (
				70CA5A03243F9AA000648F95 /* LaunchScreen.storyboard in Resources */,
				70CA5A00243F9AA000648F95 /* Assets.xcassets in Resources */,
				70CA5A2724439C6B00648F95 /* LoadingCell.xib in Resources */,
				70CA59FE243F9A9300648F95 /* Main.storyboard in Resources */,
			);
			runOnlyForDeploymentPostprocessing = 0;
		};
		70CA5A07243F9AA000648F95 /* Resources */ = {
			isa = PBXResourcesBuildPhase;
			buildActionMask = 2147483647;
			files = (
			);
			runOnlyForDeploymentPostprocessing = 0;
		};
/* End PBXResourcesBuildPhase section */

/* Begin PBXSourcesBuildPhase section */
		70CA59EF243F9A9300648F95 /* Sources */ = {
			isa = PBXSourcesBuildPhase;
			buildActionMask = 2147483647;
			files = (
				70CA5A23244337C500648F95 /* RequestJoke.swift in Sources */,
				70CA59FB243F9A9300648F95 /* ViewController.swift in Sources */,
				70CA5A2624439C6B00648F95 /* LoadingCell.swift in Sources */,
				70CA59F7243F9A9300648F95 /* AppDelegate.swift in Sources */,
				70CA5A212441F23600648F95 /* JokeCell.swift in Sources */,
				70CA5A19243FBA9200648F95 /* RandomJokeViewController.swift in Sources */,
				70CA5A1F2441EEC300648F95 /* JokeListViewController.swift in Sources */,
				70CA59F9243F9A9300648F95 /* SceneDelegate.swift in Sources */,
			);
			runOnlyForDeploymentPostprocessing = 0;
		};
		70CA5A05243F9AA000648F95 /* Sources */ = {
			isa = PBXSourcesBuildPhase;
			buildActionMask = 2147483647;
			files = (
				70CA5A0E243F9AA000648F95 /* Chuck_Norris_JokesTests.swift in Sources */,
			);
			runOnlyForDeploymentPostprocessing = 0;
		};
/* End PBXSourcesBuildPhase section */

/* Begin PBXTargetDependency section */
		70CA5A0B243F9AA000648F95 /* PBXTargetDependency */ = {
			isa = PBXTargetDependency;
			target = 70CA59F2243F9A9300648F95 /* Chuck Norris Jokes */;
			targetProxy = 70CA5A0A243F9AA000648F95 /* PBXContainerItemProxy */;
		};
/* End PBXTargetDependency section */

/* Begin PBXVariantGroup section */
		70CA59FC243F9A9300648F95 /* Main.storyboard */ = {
			isa = PBXVariantGroup;
			children = (
				70CA59FD243F9A9300648F95 /* Base */,
			);
			name = Main.storyboard;
			sourceTree = "<group>";
		};
		70CA5A01243F9AA000648F95 /* LaunchScreen.storyboard */ = {
			isa = PBXVariantGroup;
			children = (
				70CA5A02243F9AA000648F95 /* Base */,
			);
			name = LaunchScreen.storyboard;
			sourceTree = "<group>";
		};
/* End PBXVariantGroup section */

/* Begin XCBuildConfiguration section */
		70CA5A10243F9AA000648F95 /* Debug */ = {
			isa = XCBuildConfiguration;
			buildSettings = {
				ALWAYS_SEARCH_USER_PATHS = NO;
				CLANG_ANALYZER_NONNULL = YES;
				CLANG_ANALYZER_NUMBER_OBJECT_CONVERSION = YES_AGGRESSIVE;
				CLANG_CXX_LANGUAGE_STANDARD = "gnu++14";
				CLANG_CXX_LIBRARY = "libc++";
				CLANG_ENABLE_MODULES = YES;
				CLANG_ENABLE_OBJC_ARC = YES;
				CLANG_ENABLE_OBJC_WEAK = YES;
				CLANG_WARN_BLOCK_CAPTURE_AUTORELEASING = YES;
				CLANG_WARN_BOOL_CONVERSION = YES;
				CLANG_WARN_COMMA = YES;
				CLANG_WARN_CONSTANT_CONVERSION = YES;
				CLANG_WARN_DEPRECATED_OBJC_IMPLEMENTATIONS = YES;
				CLANG_WARN_DIRECT_OBJC_ISA_USAGE = YES_ERROR;
				CLANG_WARN_DOCUMENTATION_COMMENTS = YES;
				CLANG_WARN_EMPTY_BODY = YES;
				CLANG_WARN_ENUM_CONVERSION = YES;
				CLANG_WARN_INFINITE_RECURSION = YES;
				CLANG_WARN_INT_CONVERSION = YES;
				CLANG_WARN_NON_LITERAL_NULL_CONVERSION = YES;
				CLANG_WARN_OBJC_IMPLICIT_RETAIN_SELF = YES;
				CLANG_WARN_OBJC_LITERAL_CONVERSION = YES;
				CLANG_WARN_OBJC_ROOT_CLASS = YES_ERROR;
				CLANG_WARN_RANGE_LOOP_ANALYSIS = YES;
				CLANG_WARN_STRICT_PROTOTYPES = YES;
				CLANG_WARN_SUSPICIOUS_MOVE = YES;
				CLANG_WARN_UNGUARDED_AVAILABILITY = YES_AGGRESSIVE;
				CLANG_WARN_UNREACHABLE_CODE = YES;
				CLANG_WARN__DUPLICATE_METHOD_MATCH = YES;
				COPY_PHASE_STRIP = NO;
				DEBUG_INFORMATION_FORMAT = dwarf;
				ENABLE_STRICT_OBJC_MSGSEND = YES;
				ENABLE_TESTABILITY = YES;
				GCC_C_LANGUAGE_STANDARD = gnu11;
				GCC_DYNAMIC_NO_PIC = NO;
				GCC_NO_COMMON_BLOCKS = YES;
				GCC_OPTIMIZATION_LEVEL = 0;
				GCC_PREPROCESSOR_DEFINITIONS = (
					"DEBUG=1",
					"$(inherited)",
				);
				GCC_WARN_64_TO_32_BIT_CONVERSION = YES;
				GCC_WARN_ABOUT_RETURN_TYPE = YES_ERROR;
				GCC_WARN_UNDECLARED_SELECTOR = YES;
				GCC_WARN_UNINITIALIZED_AUTOS = YES_AGGRESSIVE;
				GCC_WARN_UNUSED_FUNCTION = YES;
				GCC_WARN_UNUSED_VARIABLE = YES;
				IPHONEOS_DEPLOYMENT_TARGET = 13.2;
				MTL_ENABLE_DEBUG_INFO = INCLUDE_SOURCE;
				MTL_FAST_MATH = YES;
				ONLY_ACTIVE_ARCH = YES;
				SDKROOT = iphoneos;
				SWIFT_ACTIVE_COMPILATION_CONDITIONS = DEBUG;
				SWIFT_OPTIMIZATION_LEVEL = "-Onone";
			};
			name = Debug;
		};
		70CA5A11243F9AA000648F95 /* Release */ = {
			isa = XCBuildConfiguration;
			buildSettings = {
				ALWAYS_SEARCH_USER_PATHS = NO;
				CLANG_ANALYZER_NONNULL = YES;
				CLANG_ANALYZER_NUMBER_OBJECT_CONVERSION = YES_AGGRESSIVE;
				CLANG_CXX_LANGUAGE_STANDARD = "gnu++14";
				CLANG_CXX_LIBRARY = "libc++";
				CLANG_ENABLE_MODULES = YES;
				CLANG_ENABLE_OBJC_ARC = YES;
				CLANG_ENABLE_OBJC_WEAK = YES;
				CLANG_WARN_BLOCK_CAPTURE_AUTORELEASING = YES;
				CLANG_WARN_BOOL_CONVERSION = YES;
				CLANG_WARN_COMMA = YES;
				CLANG_WARN_CONSTANT_CONVERSION = YES;
				CLANG_WARN_DEPRECATED_OBJC_IMPLEMENTATIONS = YES;
				CLANG_WARN_DIRECT_OBJC_ISA_USAGE = YES_ERROR;
				CLANG_WARN_DOCUMENTATION_COMMENTS = YES;
				CLANG_WARN_EMPTY_BODY = YES;
				CLANG_WARN_ENUM_CONVERSION = YES;
				CLANG_WARN_INFINITE_RECURSION = YES;
				CLANG_WARN_INT_CONVERSION = YES;
				CLANG_WARN_NON_LITERAL_NULL_CONVERSION = YES;
				CLANG_WARN_OBJC_IMPLICIT_RETAIN_SELF = YES;
				CLANG_WARN_OBJC_LITERAL_CONVERSION = YES;
				CLANG_WARN_OBJC_ROOT_CLASS = YES_ERROR;
				CLANG_WARN_RANGE_LOOP_ANALYSIS = YES;
				CLANG_WARN_STRICT_PROTOTYPES = YES;
				CLANG_WARN_SUSPICIOUS_MOVE = YES;
				CLANG_WARN_UNGUARDED_AVAILABILITY = YES_AGGRESSIVE;
				CLANG_WARN_UNREACHABLE_CODE = YES;
				CLANG_WARN__DUPLICATE_METHOD_MATCH = YES;
				COPY_PHASE_STRIP = NO;
				DEBUG_INFORMATION_FORMAT = "dwarf-with-dsym";
				ENABLE_NS_ASSERTIONS = NO;
				ENABLE_STRICT_OBJC_MSGSEND = YES;
				GCC_C_LANGUAGE_STANDARD = gnu11;
				GCC_NO_COMMON_BLOCKS = YES;
				GCC_WARN_64_TO_32_BIT_CONVERSION = YES;
				GCC_WARN_ABOUT_RETURN_TYPE = YES_ERROR;
				GCC_WARN_UNDECLARED_SELECTOR = YES;
				GCC_WARN_UNINITIALIZED_AUTOS = YES_AGGRESSIVE;
				GCC_WARN_UNUSED_FUNCTION = YES;
				GCC_WARN_UNUSED_VARIABLE = YES;
				IPHONEOS_DEPLOYMENT_TARGET = 13.2;
				MTL_ENABLE_DEBUG_INFO = NO;
				MTL_FAST_MATH = YES;
				SDKROOT = iphoneos;
				SWIFT_COMPILATION_MODE = wholemodule;
				SWIFT_OPTIMIZATION_LEVEL = "-O";
				VALIDATE_PRODUCT = YES;
			};
			name = Release;
		};
		70CA5A13243F9AA000648F95 /* Debug */ = {
			isa = XCBuildConfiguration;
			buildSettings = {
				ASSETCATALOG_COMPILER_APPICON_NAME = AppIcon;
				CODE_SIGN_STYLE = Automatic;
				DEVELOPMENT_TEAM = M88K6T2M3M;
				INFOPLIST_FILE = "Chuck Norris Jokes/Info.plist";
				LD_RUNPATH_SEARCH_PATHS = (
					"$(inherited)",
					"@executable_path/Frameworks",
				);
				PRODUCT_BUNDLE_IDENTIFIER = "joshuaokungbowa.Chuck-Norris-Jokes";
				PRODUCT_NAME = "$(TARGET_NAME)";
				SWIFT_VERSION = 5.0;
				TARGETED_DEVICE_FAMILY = "1,2";
			};
			name = Debug;
		};
		70CA5A14243F9AA000648F95 /* Release */ = {
			isa = XCBuildConfiguration;
			buildSettings = {
				ASSETCATALOG_COMPILER_APPICON_NAME = AppIcon;
				CODE_SIGN_STYLE = Automatic;
				DEVELOPMENT_TEAM = M88K6T2M3M;
				INFOPLIST_FILE = "Chuck Norris Jokes/Info.plist";
				LD_RUNPATH_SEARCH_PATHS = (
					"$(inherited)",
					"@executable_path/Frameworks",
				);
				PRODUCT_BUNDLE_IDENTIFIER = "joshuaokungbowa.Chuck-Norris-Jokes";
				PRODUCT_NAME = "$(TARGET_NAME)";
				SWIFT_VERSION = 5.0;
				TARGETED_DEVICE_FAMILY = "1,2";
			};
			name = Release;
		};
		70CA5A16243F9AA000648F95 /* Debug */ = {
			isa = XCBuildConfiguration;
			buildSettings = {
				ALWAYS_EMBED_SWIFT_STANDARD_LIBRARIES = YES;
				BUNDLE_LOADER = "$(TEST_HOST)";
				CODE_SIGN_STYLE = Automatic;
				DEVELOPMENT_TEAM = M88K6T2M3M;
				INFOPLIST_FILE = "Chuck Norris JokesTests/Info.plist";
				IPHONEOS_DEPLOYMENT_TARGET = 13.2;
				LD_RUNPATH_SEARCH_PATHS = (
					"$(inherited)",
					"@executable_path/Frameworks",
					"@loader_path/Frameworks",
				);
				PRODUCT_BUNDLE_IDENTIFIER = "joshuaokungbowa.Chuck-Norris-JokesTests";
				PRODUCT_NAME = "$(TARGET_NAME)";
				SWIFT_VERSION = 5.0;
				TARGETED_DEVICE_FAMILY = "1,2";
				TEST_HOST = "$(BUILT_PRODUCTS_DIR)/Chuck Norris Jokes.app/Chuck Norris Jokes";
			};
			name = Debug;
		};
		70CA5A17243F9AA000648F95 /* Release */ = {
			isa = XCBuildConfiguration;
			buildSettings = {
				ALWAYS_EMBED_SWIFT_STANDARD_LIBRARIES = YES;
				BUNDLE_LOADER = "$(TEST_HOST)";
				CODE_SIGN_STYLE = Automatic;
				DEVELOPMENT_TEAM = M88K6T2M3M;
				INFOPLIST_FILE = "Chuck Norris JokesTests/Info.plist";
				IPHONEOS_DEPLOYMENT_TARGET = 13.2;
				LD_RUNPATH_SEARCH_PATHS = (
					"$(inherited)",
					"@executable_path/Frameworks",
					"@loader_path/Frameworks",
				);
				PRODUCT_BUNDLE_IDENTIFIER = "joshuaokungbowa.Chuck-Norris-JokesTests";
				PRODUCT_NAME = "$(TARGET_NAME)";
				SWIFT_VERSION = 5.0;
				TARGETED_DEVICE_FAMILY = "1,2";
				TEST_HOST = "$(BUILT_PRODUCTS_DIR)/Chuck Norris Jokes.app/Chuck Norris Jokes";
			};
			name = Release;
		};
/* End XCBuildConfiguration section */

/* Begin XCConfigurationList section */
		70CA59EE243F9A9300648F95 /* Build configuration list for PBXProject "Chuck Norris Jokes" */ = {
			isa = XCConfigurationList;
			buildConfigurations = (
				70CA5A10243F9AA000648F95 /* Debug */,
				70CA5A11243F9AA000648F95 /* Release */,
			);
			defaultConfigurationIsVisible = 0;
			defaultConfigurationName = Release;
		};
		70CA5A12243F9AA000648F95 /* Build configuration list for PBXNativeTarget "Chuck Norris Jokes" */ = {
			isa = XCConfigurationList;
			buildConfigurations = (
				70CA5A13243F9AA000648F95 /* Debug */,
				70CA5A14243F9AA000648F95 /* Release */,
			);
			defaultConfigurationIsVisible = 0;
			defaultConfigurationName = Release;
		};
		70CA5A15243F9AA000648F95 /* Build configuration list for PBXNativeTarget "Chuck Norris JokesTests" */ = {
			isa = XCConfigurationList;
			buildConfigurations = (
				70CA5A16243F9AA000648F95 /* Debug */,
				70CA5A17243F9AA000648F95 /* Release */,
			);
			defaultConfigurationIsVisible = 0;
			defaultConfigurationName = Release;
		};
/* End XCConfigurationList section */
	};
	rootObject = 70CA59EB243F9A9300648F95 /* Project object */;
}
